
Microsoft Visual Studio Solution File, Format Version 12.00
# Visual Studio Version 17
VisualStudioVersion = 17.14.36203.30
MinimumVisualStudioVersion = 10.0.40219.1
Project("{FAE04EC0-301F-11D3-BF4B-00C04F79EFBC}") = "HelloWorld", "HelloWorld\HelloWorld.csproj", "{FFF513A9-84E7-4C4F-8A03-A42831FEC92F}"
EndProject
Project("{FAE04EC0-301F-11D3-BF4B-00C04F79EFBC}") = "DataTypes", "DataTypes\DataTypes.csproj", "{AFC7BF70-857E-4BE3-A236-B0EEBAC318BA}"
EndProject
Project("{FAE04EC0-301F-11D3-BF4B-00C04F79EFBC}") = "OutputApp", "OutputApp\OutputApp.csproj", "{328C1BF0-6C58-446A-BF28-855077261DF4}"
EndProject
Project("{FAE04EC0-301F-11D3-BF4B-00C04F79EFBC}") = "ReadApp", "ReadApp\ReadApp.csproj", "{2DB60F8D-2E96-4712-BA91-1F7A601011D8}"
EndProject
Project("{FAE04EC0-301F-11D3-BF4B-00C04F79EFBC}") = "ArgsApp", "ArgsApp\ArgsApp.csproj", "{96F8D4F8-B16E-489B-8B28-E6A606912F67}"
EndProject
Project("{FAE04EC0-301F-11D3-BF4B-00C04F79EFBC}") = "ExpressionsApp", "ExpressionsApp\ExpressionsApp.csproj", "{30F9BF38-8CE9-4D26-AA14-C07D3FF63070}"
EndProject
Project("{FAE04EC0-301F-11D3-BF4B-00C04F79EFBC}") = "FactorialApp", "FactorialApp\FactorialApp.csproj", "{3243465F-FB44-4CEF-A5F4-DBFDEDC6DF26}"
EndProject
Project("{FAE04EC0-301F-11D3-BF4B-00C04F79EFBC}") = "FiboIterativeApp", "FiboIterativeAppp\FiboIterativeApp.csproj", "{15FDB3B6-DE5C-4E5B-98B6-5FC3E8554800}"
EndProject
Project("{FAE04EC0-301F-11D3-BF4B-00C04F79EFBC}") = "FiboRecursive", "FiboRecursive\FiboRecursive.csproj", "{F01DC05B-ADF7-45AE-A4B5-480252C74746}"
EndProject
Project("{FAE04EC0-301F-11D3-BF4B-00C04F79EFBC}") = "FiboWithArray", "FiboWithArray\FiboWithArray.csproj", "{7E618755-592E-4E03-99B9-01DFF400D4FD}"
EndProject
Project("{FAE04EC0-301F-11D3-BF4B-00C04F79EFBC}") = "IgnoreNegatives", "IgnoreNegatives\IgnoreNegatives.csproj", "{83FB713C-0D41-4BCA-A053-B5D7B10BBD9F}"
EndProject
Project("{FAE04EC0-301F-11D3-BF4B-00C04F79EFBC}") = "PowerApp", "PowerApp\PowerApp.csproj", "{1869973E-BF57-4F8C-A823-162F16BC8CE8}"
EndProject
Project("{FAE04EC0-301F-11D3-BF4B-00C04F79EFBC}") = "PrimesApp", "PrimesApp\PrimesApp.csproj", "{C88AA7E4-D70C-4A3F-AAF7-A21B0EF0F06D}"
EndProject
Project("{FAE04EC0-301F-11D3-BF4B-00C04F79EFBC}") = "EuroToDollarApp", "EuroToDollarApp\EuroToDollarApp.csproj", "{314C9D85-56D1-4E2D-8578-D125FFE2D730}"
EndProject
Project("{FAE04EC0-301F-11D3-BF4B-00C04F79EFBC}") = "SecondsToDateApp", "SecondsToDateApp\SecondsToDateApp.csproj", "{5C4FC6AC-170E-429E-BDA9-7F67CE934244}"
EndProject
Project("{FAE04EC0-301F-11D3-BF4B-00C04F79EFBC}") = "RightTriangleApp", "RightTriangleApp\RightTriangleApp.csproj", "{A8E353D7-E1C9-4135-9FAB-AE47FFC4F086}"
EndProject
Project("{FAE04EC0-301F-11D3-BF4B-00C04F79EFBC}") = "ArraysOneDim", "ArraysOneDim\ArraysOneDim.csproj", "{98A6AD59-2F50-4421-86CC-235E7317C67A}"
EndProject
Project("{FAE04EC0-301F-11D3-BF4B-00C04F79EFBC}") = "Max2x2App", "Max2x2App\Max2x2App.csproj", "{5EA8B6A5-4489-4A08-86FC-AA5AF237487A}"
EndProject
Project("{FAE04EC0-301F-11D3-BF4B-00C04F79EFBC}") = "ArraysTwoDim", "ArraysTwoDim\ArraysTwoDim.csproj", "{0948B84D-8812-4193-9939-7F48E631BEF1}"
EndProject
Project("{FAE04EC0-301F-11D3-BF4B-00C04F79EFBC}") = "StringApp", "StringApp\StringApp.csproj", "{266B80A2-9299-4ACF-9BA3-B21362996367}"
EndProject
Project("{FAE04EC0-301F-11D3-BF4B-00C04F79EFBC}") = "NullableStrings", "NullableStrings\NullableStrings.csproj", "{CBAD3325-4A0B-4E2F-A7A4-D28DE725E9DD}"
EndProject
Project("{FAE04EC0-301F-11D3-BF4B-00C04F79EFBC}") = "RegEx", "RegEx\RegEx.csproj", "{2CFC86B0-356A-422F-9150-EBBE7D9CCAC2}"
EndProject
Global
	GlobalSection(SolutionConfigurationPlatforms) = preSolution
		Debug|Any CPU = Debug|Any CPU
		Release|Any CPU = Release|Any CPU
	EndGlobalSection
	GlobalSection(ProjectConfigurationPlatforms) = postSolution
		{FFF513A9-84E7-4C4F-8A03-A42831FEC92F}.Debug|Any CPU.ActiveCfg = Debug|Any CPU
		{FFF513A9-84E7-4C4F-8A03-A42831FEC92F}.Debug|Any CPU.Build.0 = Debug|Any CPU
		{FFF513A9-84E7-4C4F-8A03-A42831FEC92F}.Release|Any CPU.ActiveCfg = Release|Any CPU
		{FFF513A9-84E7-4C4F-8A03-A42831FEC92F}.Release|Any CPU.Build.0 = Release|Any CPU
		{AFC7BF70-857E-4BE3-A236-B0EEBAC318BA}.Debug|Any CPU.ActiveCfg = Debug|Any CPU
		{AFC7BF70-857E-4BE3-A236-B0EEBAC318BA}.Debug|Any CPU.Build.0 = Debug|Any CPU
		{AFC7BF70-857E-4BE3-A236-B0EEBAC318BA}.Release|Any CPU.ActiveCfg = Release|Any CPU
		{AFC7BF70-857E-4BE3-A236-B0EEBAC318BA}.Release|Any CPU.Build.0 = Release|Any CPU
		{328C1BF0-6C58-446A-BF28-855077261DF4}.Debug|Any CPU.ActiveCfg = Debug|Any CPU
		{328C1BF0-6C58-446A-BF28-855077261DF4}.Debug|Any CPU.Build.0 = Debug|Any CPU
		{328C1BF0-6C58-446A-BF28-855077261DF4}.Release|Any CPU.ActiveCfg = Release|Any CPU
		{328C1BF0-6C58-446A-BF28-855077261DF4}.Release|Any CPU.Build.0 = Release|Any CPU
		{2DB60F8D-2E96-4712-BA91-1F7A601011D8}.Debug|Any CPU.ActiveCfg = Debug|Any CPU
		{2DB60F8D-2E96-4712-BA91-1F7A601011D8}.Debug|Any CPU.Build.0 = Debug|Any CPU
		{2DB60F8D-2E96-4712-BA91-1F7A601011D8}.Release|Any CPU.ActiveCfg = Release|Any CPU
		{2DB60F8D-2E96-4712-BA91-1F7A601011D8}.Release|Any CPU.Build.0 = Release|Any CPU
		{96F8D4F8-B16E-489B-8B28-E6A606912F67}.Debug|Any CPU.ActiveCfg = Debug|Any CPU
		{96F8D4F8-B16E-489B-8B28-E6A606912F67}.Debug|Any CPU.Build.0 = Debug|Any CPU
		{96F8D4F8-B16E-489B-8B28-E6A606912F67}.Release|Any CPU.ActiveCfg = Release|Any CPU
		{96F8D4F8-B16E-489B-8B28-E6A606912F67}.Release|Any CPU.Build.0 = Release|Any CPU
		{30F9BF38-8CE9-4D26-AA14-C07D3FF63070}.Debug|Any CPU.ActiveCfg = Debug|Any CPU
		{30F9BF38-8CE9-4D26-AA14-C07D3FF63070}.Debug|Any CPU.Build.0 = Debug|Any CPU
		{30F9BF38-8CE9-4D26-AA14-C07D3FF63070}.Release|Any CPU.ActiveCfg = Release|Any CPU
		{30F9BF38-8CE9-4D26-AA14-C07D3FF63070}.Release|Any CPU.Build.0 = Release|Any CPU
		{3243465F-FB44-4CEF-A5F4-DBFDEDC6DF26}.Debug|Any CPU.ActiveCfg = Debug|Any CPU
		{3243465F-FB44-4CEF-A5F4-DBFDEDC6DF26}.Debug|Any CPU.Build.0 = Debug|Any CPU
		{3243465F-FB44-4CEF-A5F4-DBFDEDC6DF26}.Release|Any CPU.ActiveCfg = Release|Any CPU
		{3243465F-FB44-4CEF-A5F4-DBFDEDC6DF26}.Release|Any CPU.Build.0 = Release|Any CPU
		{15FDB3B6-DE5C-4E5B-98B6-5FC3E8554800}.Debug|Any CPU.ActiveCfg = Debug|Any CPU
		{15FDB3B6-DE5C-4E5B-98B6-5FC3E8554800}.Debug|Any CPU.Build.0 = Debug|Any CPU
		{15FDB3B6-DE5C-4E5B-98B6-5FC3E8554800}.Release|Any CPU.ActiveCfg = Release|Any CPU
		{15FDB3B6-DE5C-4E5B-98B6-5FC3E8554800}.Release|Any CPU.Build.0 = Release|Any CPU
		{F01DC05B-ADF7-45AE-A4B5-480252C74746}.Debug|Any CPU.ActiveCfg = Debug|Any CPU
		{F01DC05B-ADF7-45AE-A4B5-480252C74746}.Debug|Any CPU.Build.0 = Debug|Any CPU
		{F01DC05B-ADF7-45AE-A4B5-480252C74746}.Release|Any CPU.ActiveCfg = Release|Any CPU
		{F01DC05B-ADF7-45AE-A4B5-480252C74746}.Release|Any CPU.Build.0 = Release|Any CPU
		{7E618755-592E-4E03-99B9-01DFF400D4FD}.Debug|Any CPU.ActiveCfg = Debug|Any CPU
		{7E618755-592E-4E03-99B9-01DFF400D4FD}.Debug|Any CPU.Build.0 = Debug|Any CPU
		{7E618755-592E-4E03-99B9-01DFF400D4FD}.Release|Any CPU.ActiveCfg = Release|Any CPU
		{7E618755-592E-4E03-99B9-01DFF400D4FD}.Release|Any CPU.Build.0 = Release|Any CPU
		{83FB713C-0D41-4BCA-A053-B5D7B10BBD9F}.Debug|Any CPU.ActiveCfg = Debug|Any CPU
		{83FB713C-0D41-4BCA-A053-B5D7B10BBD9F}.Debug|Any CPU.Build.0 = Debug|Any CPU
		{83FB713C-0D41-4BCA-A053-B5D7B10BBD9F}.Release|Any CPU.ActiveCfg = Release|Any CPU
		{83FB713C-0D41-4BCA-A053-B5D7B10BBD9F}.Release|Any CPU.Build.0 = Release|Any CPU
		{1869973E-BF57-4F8C-A823-162F16BC8CE8}.Debug|Any CPU.ActiveCfg = Debug|Any CPU
		{1869973E-BF57-4F8C-A823-162F16BC8CE8}.Debug|Any CPU.Build.0 = Debug|Any CPU
		{1869973E-BF57-4F8C-A823-162F16BC8CE8}.Release|Any CPU.ActiveCfg = Release|Any CPU
		{1869973E-BF57-4F8C-A823-162F16BC8CE8}.Release|Any CPU.Build.0 = Release|Any CPU
		{C88AA7E4-D70C-4A3F-AAF7-A21B0EF0F06D}.Debug|Any CPU.ActiveCfg = Debug|Any CPU
		{C88AA7E4-D70C-4A3F-AAF7-A21B0EF0F06D}.Debug|Any CPU.Build.0 = Debug|Any CPU
		{C88AA7E4-D70C-4A3F-AAF7-A21B0EF0F06D}.Release|Any CPU.ActiveCfg = Release|Any CPU
		{C88AA7E4-D70C-4A3F-AAF7-A21B0EF0F06D}.Release|Any CPU.Build.0 = Release|Any CPU
		{314C9D85-56D1-4E2D-8578-D125FFE2D730}.Debug|Any CPU.ActiveCfg = Debug|Any CPU
		{314C9D85-56D1-4E2D-8578-D125FFE2D730}.Debug|Any CPU.Build.0 = Debug|Any CPU
		{314C9D85-56D1-4E2D-8578-D125FFE2D730}.Release|Any CPU.ActiveCfg = Release|Any CPU
		{314C9D85-56D1-4E2D-8578-D125FFE2D730}.Release|Any CPU.Build.0 = Release|Any CPU
		{5C4FC6AC-170E-429E-BDA9-7F67CE934244}.Debug|Any CPU.ActiveCfg = Debug|Any CPU
		{5C4FC6AC-170E-429E-BDA9-7F67CE934244}.Debug|Any CPU.Build.0 = Debug|Any CPU
		{5C4FC6AC-170E-429E-BDA9-7F67CE934244}.Release|Any CPU.ActiveCfg = Release|Any CPU
		{5C4FC6AC-170E-429E-BDA9-7F67CE934244}.Release|Any CPU.Build.0 = Release|Any CPU
		{A8E353D7-E1C9-4135-9FAB-AE47FFC4F086}.Debug|Any CPU.ActiveCfg = Debug|Any CPU
		{A8E353D7-E1C9-4135-9FAB-AE47FFC4F086}.Debug|Any CPU.Build.0 = Debug|Any CPU
		{A8E353D7-E1C9-4135-9FAB-AE47FFC4F086}.Release|Any CPU.ActiveCfg = Release|Any CPU
		{A8E353D7-E1C9-4135-9FAB-AE47FFC4F086}.Release|Any CPU.Build.0 = Release|Any CPU
		{98A6AD59-2F50-4421-86CC-235E7317C67A}.Debug|Any CPU.ActiveCfg = Debug|Any CPU
		{98A6AD59-2F50-4421-86CC-235E7317C67A}.Debug|Any CPU.Build.0 = Debug|Any CPU
		{98A6AD59-2F50-4421-86CC-235E7317C67A}.Release|Any CPU.ActiveCfg = Release|Any CPU
		{98A6AD59-2F50-4421-86CC-235E7317C67A}.Release|Any CPU.Build.0 = Release|Any CPU
		{5EA8B6A5-4489-4A08-86FC-AA5AF237487A}.Debug|Any CPU.ActiveCfg = Debug|Any CPU
		{5EA8B6A5-4489-4A08-86FC-AA5AF237487A}.Debug|Any CPU.Build.0 = Debug|Any CPU
		{5EA8B6A5-4489-4A08-86FC-AA5AF237487A}.Release|Any CPU.ActiveCfg = Release|Any CPU
		{5EA8B6A5-4489-4A08-86FC-AA5AF237487A}.Release|Any CPU.Build.0 = Release|Any CPU
		{0948B84D-8812-4193-9939-7F48E631BEF1}.Debug|Any CPU.ActiveCfg = Debug|Any CPU
		{0948B84D-8812-4193-9939-7F48E631BEF1}.Debug|Any CPU.Build.0 = Debug|Any CPU
		{0948B84D-8812-4193-9939-7F48E631BEF1}.Release|Any CPU.ActiveCfg = Release|Any CPU
		{0948B84D-8812-4193-9939-7F48E631BEF1}.Release|Any CPU.Build.0 = Release|Any CPU
		{266B80A2-9299-4ACF-9BA3-B21362996367}.Debug|Any CPU.ActiveCfg = Debug|Any CPU
		{266B80A2-9299-4ACF-9BA3-B21362996367}.Debug|Any CPU.Build.0 = Debug|Any CPU
		{266B80A2-9299-4ACF-9BA3-B21362996367}.Release|Any CPU.ActiveCfg = Release|Any CPU
		{266B80A2-9299-4ACF-9BA3-B21362996367}.Release|Any CPU.Build.0 = Release|Any CPU
		{CBAD3325-4A0B-4E2F-A7A4-D28DE725E9DD}.Debug|Any CPU.ActiveCfg = Debug|Any CPU
		{CBAD3325-4A0B-4E2F-A7A4-D28DE725E9DD}.Debug|Any CPU.Build.0 = Debug|Any CPU
		{CBAD3325-4A0B-4E2F-A7A4-D28DE725E9DD}.Release|Any CPU.ActiveCfg = Release|Any CPU
		{CBAD3325-4A0B-4E2F-A7A4-D28DE725E9DD}.Release|Any CPU.Build.0 = Release|Any CPU
		{2CFC86B0-356A-422F-9150-EBBE7D9CCAC2}.Debug|Any CPU.ActiveCfg = Debug|Any CPU
		{2CFC86B0-356A-422F-9150-EBBE7D9CCAC2}.Debug|Any CPU.Build.0 = Debug|Any CPU
		{2CFC86B0-356A-422F-9150-EBBE7D9CCAC2}.Release|Any CPU.ActiveCfg = Release|Any CPU
		{2CFC86B0-356A-422F-9150-EBBE7D9CCAC2}.Release|Any CPU.Build.0 = Release|Any CPU
	EndGlobalSection
	GlobalSection(SolutionProperties) = preSolution
		HideSolutionNode = FALSE
	EndGlobalSection
	GlobalSection(ExtensibilityGlobals) = postSolution
		SolutionGuid = {3AC07E8C-BAEE-4BE2-BFD1-834F3F97E2D8}
	EndGlobalSection
EndGlobal
